
Microsoft Visual Studio Solution File, Format Version 12.00
# Visual Studio Version 17
VisualStudioVersion = 17.9.34728.123
MinimumVisualStudioVersion = 10.0.40219.1
Project("{FAE04EC0-301F-11D3-BF4B-00C04F79EFBC}") = "SportsResults", "SportsResults\SportsResults.csproj", "{A13539D2-86B2-401C-BB42-0A9C68808C9D}"
EndProject
Global
	GlobalSection(SolutionConfigurationPlatforms) = preSolution
		Debug|Any CPU = Debug|Any CPU
		Release|Any CPU = Release|Any CPU
	EndGlobalSection
	GlobalSection(ProjectConfigurationPlatforms) = postSolution
		{A13539D2-86B2-401C-BB42-0A9C68808C9D}.Debug|Any CPU.ActiveCfg = Debug|Any CPU
		{A13539D2-86B2-401C-BB42-0A9C68808C9D}.Debug|Any CPU.Build.0 = Debug|Any CPU
		{A13539D2-86B2-401C-BB42-0A9C68808C9D}.Release|Any CPU.ActiveCfg = Release|Any CPU
		{A13539D2-86B2-401C-BB42-0A9C68808C9D}.Release|Any CPU.Build.0 = Release|Any CPU
	EndGlobalSection
	GlobalSection(SolutionProperties) = preSolution
		HideSolutionNode = FALSE
	EndGlobalSection
	GlobalSection(ExtensibilityGlobals) = postSolution
		SolutionGuid = {062C356F-0D91-4107-B42F-3DD52733C72D}
	EndGlobalSection
EndGlobal
